// !$*UTF8*$!
{
	archiveVersion = 1;
	classes = {
	};
	objectVersion = 46;
	objects = {

/* Begin PBXBuildFile section */
		6E90014319C1734C00ABC549 /* Foundation.framework in Frameworks */ = {isa = PBXBuildFile; fileRef = 6E90014219C1734C00ABC549 /* Foundation.framework */; };
		6E90014519C1734C00ABC549 /* CoreGraphics.framework in Frameworks */ = {isa = PBXBuildFile; fileRef = 6E90014419C1734C00ABC549 /* CoreGraphics.framework */; };
		6E90014719C1734C00ABC549 /* UIKit.framework in Frameworks */ = {isa = PBXBuildFile; fileRef = 6E90014619C1734C00ABC549 /* UIKit.framework */; };
		6E90014D19C1734C00ABC549 /* InfoPlist.strings in Resources */ = {isa = PBXBuildFile; fileRef = 6E90014B19C1734C00ABC549 /* InfoPlist.strings */; };
		6E90014F19C1734C00ABC549 /* main.m in Sources */ = {isa = PBXBuildFile; fileRef = 6E90014E19C1734C00ABC549 /* main.m */; };
		6E90015319C1734C00ABC549 /* AppDelegate.m in Sources */ = {isa = PBXBuildFile; fileRef = 6E90015219C1734C00ABC549 /* AppDelegate.m */; };
		6E90015519C1734C00ABC549 /* Images.xcassets in Resources */ = {isa = PBXBuildFile; fileRef = 6E90015419C1734C00ABC549 /* Images.xcassets */; };
		6ED9BD4319C176F800FDBBA4 /* UIKit.framework in Frameworks */ = {isa = PBXBuildFile; fileRef = 6E90014619C1734C00ABC549 /* UIKit.framework */; };
		6ED9BD4419C176F800FDBBA4 /* Foundation.framework in Frameworks */ = {isa = PBXBuildFile; fileRef = 6E90014219C1734C00ABC549 /* Foundation.framework */; };
		6ED9BD4519C176F800FDBBA4 /* CoreGraphics.framework in Frameworks */ = {isa = PBXBuildFile; fileRef = 6E90014419C1734C00ABC549 /* CoreGraphics.framework */; };
		6ED9BD4B19C176F800FDBBA4 /* InfoPlist.strings in Resources */ = {isa = PBXBuildFile; fileRef = 6ED9BD4919C176F800FDBBA4 /* InfoPlist.strings */; };
		6ED9BD4D19C176F800FDBBA4 /* main.m in Sources */ = {isa = PBXBuildFile; fileRef = 6ED9BD4C19C176F800FDBBA4 /* main.m */; };
		6ED9BD5119C176F800FDBBA4 /* Cedar-iOS.framework in Frameworks */ = {isa = PBXBuildFile; fileRef = 6ED9BD5019C176F800FDBBA4 /* Cedar-iOS.framework */; };
		6ED9BD5319C176F800FDBBA4 /* Default-568h@2x.png in Resources */ = {isa = PBXBuildFile; fileRef = 6ED9BD5219C176F800FDBBA4 /* Default-568h@2x.png */; };
		6ED9BD5519C176F800FDBBA4 /* ExampleSpec.mm in Sources */ = {isa = PBXBuildFile; fileRef = 6ED9BD5419C176F800FDBBA4 /* ExampleSpec.mm */; };
/* End PBXBuildFile section */

/* Begin PBXFileReference section */
		6E90013F19C1734C00ABC549 /* MentalMap.app */ = {isa = PBXFileReference; explicitFileType = wrapper.application; includeInIndex = 0; path = MentalMap.app; sourceTree = BUILT_PRODUCTS_DIR; };
		6E90014219C1734C00ABC549 /* Foundation.framework */ = {isa = PBXFileReference; lastKnownFileType = wrapper.framework; name = Foundation.framework; path = System/Library/Frameworks/Foundation.framework; sourceTree = SDKROOT; };
		6E90014419C1734C00ABC549 /* CoreGraphics.framework */ = {isa = PBXFileReference; lastKnownFileType = wrapper.framework; name = CoreGraphics.framework; path = System/Library/Frameworks/CoreGraphics.framework; sourceTree = SDKROOT; };
		6E90014619C1734C00ABC549 /* UIKit.framework */ = {isa = PBXFileReference; lastKnownFileType = wrapper.framework; name = UIKit.framework; path = System/Library/Frameworks/UIKit.framework; sourceTree = SDKROOT; };
		6E90014A19C1734C00ABC549 /* MentalMap-Info.plist */ = {isa = PBXFileReference; lastKnownFileType = text.plist.xml; path = "MentalMap-Info.plist"; sourceTree = "<group>"; };
		6E90014C19C1734C00ABC549 /* en */ = {isa = PBXFileReference; lastKnownFileType = text.plist.strings; name = en; path = en.lproj/InfoPlist.strings; sourceTree = "<group>"; };
		6E90014E19C1734C00ABC549 /* main.m */ = {isa = PBXFileReference; lastKnownFileType = sourcecode.c.objc; path = main.m; sourceTree = "<group>"; };
		6E90015019C1734C00ABC549 /* MentalMap-Prefix.pch */ = {isa = PBXFileReference; lastKnownFileType = sourcecode.c.h; path = "MentalMap-Prefix.pch"; sourceTree = "<group>"; };
		6E90015119C1734C00ABC549 /* AppDelegate.h */ = {isa = PBXFileReference; lastKnownFileType = sourcecode.c.h; path = AppDelegate.h; sourceTree = "<group>"; };
		6E90015219C1734C00ABC549 /* AppDelegate.m */ = {isa = PBXFileReference; lastKnownFileType = sourcecode.c.objc; path = AppDelegate.m; sourceTree = "<group>"; };
		6E90015419C1734C00ABC549 /* Images.xcassets */ = {isa = PBXFileReference; lastKnownFileType = folder.assetcatalog; path = Images.xcassets; sourceTree = "<group>"; };
		6E90015B19C1734C00ABC549 /* XCTest.framework */ = {isa = PBXFileReference; lastKnownFileType = wrapper.framework; name = XCTest.framework; path = Library/Frameworks/XCTest.framework; sourceTree = DEVELOPER_DIR; };
		6ED9BD4219C176F800FDBBA4 /* MentalMapTests.app */ = {isa = PBXFileReference; explicitFileType = wrapper.application; includeInIndex = 0; path = MentalMapTests.app; sourceTree = BUILT_PRODUCTS_DIR; };
		6ED9BD4819C176F800FDBBA4 /* MentalMapTests-Info.plist */ = {isa = PBXFileReference; lastKnownFileType = text.plist.xml; path = "MentalMapTests-Info.plist"; sourceTree = "<group>"; };
		6ED9BD4A19C176F800FDBBA4 /* en */ = {isa = PBXFileReference; lastKnownFileType = text.plist.strings; name = en; path = en.lproj/InfoPlist.strings; sourceTree = "<group>"; };
		6ED9BD4C19C176F800FDBBA4 /* main.m */ = {isa = PBXFileReference; lastKnownFileType = sourcecode.c.objc; path = main.m; sourceTree = "<group>"; };
		6ED9BD4E19C176F800FDBBA4 /* MentalMapTests-Prefix.pch */ = {isa = PBXFileReference; lastKnownFileType = sourcecode.c.h; path = "MentalMapTests-Prefix.pch"; sourceTree = "<group>"; };
		6ED9BD4F19C176F800FDBBA4 /* Rakefile */ = {isa = PBXFileReference; lastKnownFileType = text; path = Rakefile; sourceTree = "<group>"; };
		6ED9BD5019C176F800FDBBA4 /* Cedar-iOS.framework */ = {isa = PBXFileReference; lastKnownFileType = wrapper.framework; name = "Cedar-iOS.framework"; path = "Frameworks/Cedar-iOS.framework"; sourceTree = "<group>"; };
		6ED9BD5219C176F800FDBBA4 /* Default-568h@2x.png */ = {isa = PBXFileReference; lastKnownFileType = image.png; path = "Default-568h@2x.png"; sourceTree = "<group>"; };
		6ED9BD5419C176F800FDBBA4 /* ExampleSpec.mm */ = {isa = PBXFileReference; lastKnownFileType = sourcecode.cpp.objcpp; path = ExampleSpec.mm; sourceTree = "<group>"; };
		D628A921880F4D3294403D49 /* libPods-MentalMapTests.a */ = {isa = PBXFileReference; explicitFileType = archive.ar; includeInIndex = 0; path = "libPods-MentalMapTests.a"; sourceTree = BUILT_PRODUCTS_DIR; };
		E52CAF170C83410488A10820 /* Pods-MentalMapTests.xcconfig */ = {isa = PBXFileReference; includeInIndex = 1; lastKnownFileType = text.xcconfig; name = "Pods-MentalMapTests.xcconfig"; path = "Pods/Pods-MentalMapTests.xcconfig"; sourceTree = "<group>"; };
/* End PBXFileReference section */

/* Begin PBXFrameworksBuildPhase section */
		6E90013C19C1734C00ABC549 /* Frameworks */ = {
			isa = PBXFrameworksBuildPhase;
			buildActionMask = 2147483647;
			files = (
				6E90014519C1734C00ABC549 /* CoreGraphics.framework in Frameworks */,
				6E90014719C1734C00ABC549 /* UIKit.framework in Frameworks */,
				6E90014319C1734C00ABC549 /* Foundation.framework in Frameworks */,
			);
			runOnlyForDeploymentPostprocessing = 0;
		};
		6ED9BD3F19C176F800FDBBA4 /* Frameworks */ = {
			isa = PBXFrameworksBuildPhase;
			buildActionMask = 2147483647;
			files = (
				6ED9BD4519C176F800FDBBA4 /* CoreGraphics.framework in Frameworks */,
				6ED9BD4319C176F800FDBBA4 /* UIKit.framework in Frameworks */,
				6ED9BD5119C176F800FDBBA4 /* Cedar-iOS.framework in Frameworks */,
				6ED9BD4419C176F800FDBBA4 /* Foundation.framework in Frameworks */,
			);
			runOnlyForDeploymentPostprocessing = 0;
		};
/* End PBXFrameworksBuildPhase section */

/* Begin PBXGroup section */
		6E90013619C1734B00ABC549 = {
			isa = PBXGroup;
			children = (
				6E90014819C1734C00ABC549 /* MentalMap */,
				6ED9BD4619C176F800FDBBA4 /* MentalMapTests */,
				6E90014119C1734C00ABC549 /* Frameworks */,
				6E90014019C1734C00ABC549 /* Products */,
				E52CAF170C83410488A10820 /* Pods-MentalMapTests.xcconfig */,
			);
			sourceTree = "<group>";
		};
		6E90014019C1734C00ABC549 /* Products */ = {
			isa = PBXGroup;
			children = (
				6E90013F19C1734C00ABC549 /* MentalMap.app */,
				6ED9BD4219C176F800FDBBA4 /* MentalMapTests.app */,
			);
			name = Products;
			sourceTree = "<group>";
		};
		6E90014119C1734C00ABC549 /* Frameworks */ = {
			isa = PBXGroup;
			children = (
				6E90014219C1734C00ABC549 /* Foundation.framework */,
				6E90014419C1734C00ABC549 /* CoreGraphics.framework */,
				6E90014619C1734C00ABC549 /* UIKit.framework */,
				6E90015B19C1734C00ABC549 /* XCTest.framework */,
				D628A921880F4D3294403D49 /* libPods-MentalMapTests.a */,
			);
			name = Frameworks;
			sourceTree = "<group>";
		};
		6E90014819C1734C00ABC549 /* MentalMap */ = {
			isa = PBXGroup;
			children = (
				6E90015119C1734C00ABC549 /* AppDelegate.h */,
				6E90015219C1734C00ABC549 /* AppDelegate.m */,
				6E90015419C1734C00ABC549 /* Images.xcassets */,
				6E90014919C1734C00ABC549 /* Supporting Files */,
			);
			path = MentalMap;
			sourceTree = "<group>";
		};
		6E90014919C1734C00ABC549 /* Supporting Files */ = {
			isa = PBXGroup;
			children = (
				6E90014A19C1734C00ABC549 /* MentalMap-Info.plist */,
				6E90014B19C1734C00ABC549 /* InfoPlist.strings */,
				6E90014E19C1734C00ABC549 /* main.m */,
				6E90015019C1734C00ABC549 /* MentalMap-Prefix.pch */,
			);
			name = "Supporting Files";
			sourceTree = "<group>";
		};
		6ED9BD4619C176F800FDBBA4 /* MentalMapTests */ = {
			isa = PBXGroup;
			children = (
				6ED9BD4F19C176F800FDBBA4 /* Rakefile */,
				6ED9BD5019C176F800FDBBA4 /* Cedar-iOS.framework */,
				6ED9BD5219C176F800FDBBA4 /* Default-568h@2x.png */,
				6ED9BD5419C176F800FDBBA4 /* ExampleSpec.mm */,
				6ED9BD4719C176F800FDBBA4 /* Supporting Files */,
			);
			path = MentalMapTests;
			sourceTree = "<group>";
		};
		6ED9BD4719C176F800FDBBA4 /* Supporting Files */ = {
			isa = PBXGroup;
			children = (
				6ED9BD4819C176F800FDBBA4 /* MentalMapTests-Info.plist */,
				6ED9BD4919C176F800FDBBA4 /* InfoPlist.strings */,
				6ED9BD4C19C176F800FDBBA4 /* main.m */,
				6ED9BD4E19C176F800FDBBA4 /* MentalMapTests-Prefix.pch */,
			);
			name = "Supporting Files";
			sourceTree = "<group>";
		};
/* End PBXGroup section */

/* Begin PBXNativeTarget section */
		6E90013E19C1734C00ABC549 /* MentalMap */ = {
			isa = PBXNativeTarget;
			buildConfigurationList = 6E90016B19C1734C00ABC549 /* Build configuration list for PBXNativeTarget "MentalMap" */;
			buildPhases = (
				6E90013B19C1734C00ABC549 /* Sources */,
				6E90013C19C1734C00ABC549 /* Frameworks */,
				6E90013D19C1734C00ABC549 /* Resources */,
			);
			buildRules = (
			);
			dependencies = (
			);
			name = MentalMap;
			productName = MentalMap;
			productReference = 6E90013F19C1734C00ABC549 /* MentalMap.app */;
			productType = "com.apple.product-type.application";
		};
		6ED9BD4119C176F800FDBBA4 /* MentalMapTests */ = {
			isa = PBXNativeTarget;
			buildConfigurationList = 6ED9BD5619C176F800FDBBA4 /* Build configuration list for PBXNativeTarget "MentalMapTests" */;
			buildPhases = (
				6ED9BD3E19C176F800FDBBA4 /* Sources */,
				6ED9BD3F19C176F800FDBBA4 /* Frameworks */,
				6ED9BD4019C176F800FDBBA4 /* Resources */,
			);
			buildRules = (
			);
			dependencies = (
			);
			name = MentalMapTests;
			productName = MentalMapTests;
			productReference = 6ED9BD4219C176F800FDBBA4 /* MentalMapTests.app */;
			productType = "com.apple.product-type.application";
		};
/* End PBXNativeTarget section */

/* Begin PBXProject section */
		6E90013719C1734B00ABC549 /* Project object */ = {
			isa = PBXProject;
			attributes = {
				LastUpgradeCheck = 0510;
				ORGANIZATIONNAME = eric;
			};
			buildConfigurationList = 6E90013A19C1734B00ABC549 /* Build configuration list for PBXProject "MentalMap" */;
			compatibilityVersion = "Xcode 3.2";
			developmentRegion = English;
			hasScannedForEncodings = 0;
			knownRegions = (
				en,
			);
			mainGroup = 6E90013619C1734B00ABC549;
			productRefGroup = 6E90014019C1734C00ABC549 /* Products */;
			projectDirPath = "";
			projectRoot = "";
			targets = (
				6E90013E19C1734C00ABC549 /* MentalMap */,
				6ED9BD4119C176F800FDBBA4 /* MentalMapTests */,
			);
		};
/* End PBXProject section */

/* Begin PBXResourcesBuildPhase section */
		6E90013D19C1734C00ABC549 /* Resources */ = {
			isa = PBXResourcesBuildPhase;
			buildActionMask = 2147483647;
			files = (
				6E90014D19C1734C00ABC549 /* InfoPlist.strings in Resources */,
				6E90015519C1734C00ABC549 /* Images.xcassets in Resources */,
			);
			runOnlyForDeploymentPostprocessing = 0;
		};
		6ED9BD4019C176F800FDBBA4 /* Resources */ = {
			isa = PBXResourcesBuildPhase;
			buildActionMask = 2147483647;
			files = (
				6ED9BD4B19C176F800FDBBA4 /* InfoPlist.strings in Resources */,
				6ED9BD5319C176F800FDBBA4 /* Default-568h@2x.png in Resources */,
			);
			runOnlyForDeploymentPostprocessing = 0;
		};
/* End PBXResourcesBuildPhase section */

/* Begin PBXSourcesBuildPhase section */
		6E90013B19C1734C00ABC549 /* Sources */ = {
			isa = PBXSourcesBuildPhase;
			buildActionMask = 2147483647;
			files = (
				6E90015319C1734C00ABC549 /* AppDelegate.m in Sources */,
				6E90014F19C1734C00ABC549 /* main.m in Sources */,
			);
			runOnlyForDeploymentPostprocessing = 0;
		};
		6ED9BD3E19C176F800FDBBA4 /* Sources */ = {
			isa = PBXSourcesBuildPhase;
			buildActionMask = 2147483647;
			files = (
				6ED9BD4D19C176F800FDBBA4 /* main.m in Sources */,
				6ED9BD5519C176F800FDBBA4 /* ExampleSpec.mm in Sources */,
			);
			runOnlyForDeploymentPostprocessing = 0;
		};
/* End PBXSourcesBuildPhase section */

/* Begin PBXVariantGroup section */
		6E90014B19C1734C00ABC549 /* InfoPlist.strings */ = {
			isa = PBXVariantGroup;
			children = (
				6E90014C19C1734C00ABC549 /* en */,
			);
			name = InfoPlist.strings;
			sourceTree = "<group>";
		};
		6ED9BD4919C176F800FDBBA4 /* InfoPlist.strings */ = {
			isa = PBXVariantGroup;
			children = (
				6ED9BD4A19C176F800FDBBA4 /* en */,
			);
			name = InfoPlist.strings;
			sourceTree = "<group>";
		};
/* End PBXVariantGroup section */

/* Begin XCBuildConfiguration section */
		6E90016919C1734C00ABC549 /* Debug */ = {
			isa = XCBuildConfiguration;
			buildSettings = {
				ALWAYS_SEARCH_USER_PATHS = NO;
				CLANG_CXX_LANGUAGE_STANDARD = "gnu++0x";
				CLANG_CXX_LIBRARY = "libc++";
				CLANG_ENABLE_MODULES = YES;
				CLANG_ENABLE_OBJC_ARC = YES;
				CLANG_WARN_BOOL_CONVERSION = YES;
				CLANG_WARN_CONSTANT_CONVERSION = YES;
				CLANG_WARN_DIRECT_OBJC_ISA_USAGE = YES_ERROR;
				CLANG_WARN_EMPTY_BODY = YES;
				CLANG_WARN_ENUM_CONVERSION = YES;
				CLANG_WARN_INT_CONVERSION = YES;
				CLANG_WARN_OBJC_ROOT_CLASS = YES_ERROR;
				CLANG_WARN__DUPLICATE_METHOD_MATCH = YES;
				"CODE_SIGN_IDENTITY[sdk=iphoneos*]" = "iPhone Developer";
				COPY_PHASE_STRIP = NO;
				GCC_C_LANGUAGE_STANDARD = gnu99;
				GCC_DYNAMIC_NO_PIC = NO;
				GCC_OPTIMIZATION_LEVEL = 0;
				GCC_PREPROCESSOR_DEFINITIONS = (
					"DEBUG=1",
					"$(inherited)",
				);
				GCC_SYMBOLS_PRIVATE_EXTERN = NO;
				GCC_WARN_64_TO_32_BIT_CONVERSION = YES;
				GCC_WARN_ABOUT_RETURN_TYPE = YES_ERROR;
				GCC_WARN_UNDECLARED_SELECTOR = YES;
				GCC_WARN_UNINITIALIZED_AUTOS = YES_AGGRESSIVE;
				GCC_WARN_UNUSED_FUNCTION = YES;
				GCC_WARN_UNUSED_VARIABLE = YES;
				IPHONEOS_DEPLOYMENT_TARGET = 7.1;
				ONLY_ACTIVE_ARCH = YES;
				SDKROOT = iphoneos;
			};
			name = Debug;
		};
		6E90016A19C1734C00ABC549 /* Release */ = {
			isa = XCBuildConfiguration;
			buildSettings = {
				ALWAYS_SEARCH_USER_PATHS = NO;
				CLANG_CXX_LANGUAGE_STANDARD = "gnu++0x";
				CLANG_CXX_LIBRARY = "libc++";
				CLANG_ENABLE_MODULES = YES;
				CLANG_ENABLE_OBJC_ARC = YES;
				CLANG_WARN_BOOL_CONVERSION = YES;
				CLANG_WARN_CONSTANT_CONVERSION = YES;
				CLANG_WARN_DIRECT_OBJC_ISA_USAGE = YES_ERROR;
				CLANG_WARN_EMPTY_BODY = YES;
				CLANG_WARN_ENUM_CONVERSION = YES;
				CLANG_WARN_INT_CONVERSION = YES;
				CLANG_WARN_OBJC_ROOT_CLASS = YES_ERROR;
				CLANG_WARN__DUPLICATE_METHOD_MATCH = YES;
				"CODE_SIGN_IDENTITY[sdk=iphoneos*]" = "iPhone Developer";
				COPY_PHASE_STRIP = YES;
				ENABLE_NS_ASSERTIONS = NO;
				GCC_C_LANGUAGE_STANDARD = gnu99;
				GCC_WARN_64_TO_32_BIT_CONVERSION = YES;
				GCC_WARN_ABOUT_RETURN_TYPE = YES_ERROR;
				GCC_WARN_UNDECLARED_SELECTOR = YES;
				GCC_WARN_UNINITIALIZED_AUTOS = YES_AGGRESSIVE;
				GCC_WARN_UNUSED_FUNCTION = YES;
				GCC_WARN_UNUSED_VARIABLE = YES;
				IPHONEOS_DEPLOYMENT_TARGET = 7.1;
				SDKROOT = iphoneos;
				VALIDATE_PRODUCT = YES;
			};
			name = Release;
		};
		6E90016C19C1734C00ABC549 /* Debug */ = {
			isa = XCBuildConfiguration;
			buildSettings = {
				ASSETCATALOG_COMPILER_APPICON_NAME = AppIcon;
				ASSETCATALOG_COMPILER_LAUNCHIMAGE_NAME = LaunchImage;
				GCC_PRECOMPILE_PREFIX_HEADER = YES;
				GCC_PREFIX_HEADER = "MentalMap/MentalMap-Prefix.pch";
				INFOPLIST_FILE = "MentalMap/MentalMap-Info.plist";
				PRODUCT_NAME = "$(TARGET_NAME)";
				WRAPPER_EXTENSION = app;
			};
			name = Debug;
		};
		6E90016D19C1734C00ABC549 /* Release */ = {
			isa = XCBuildConfiguration;
			buildSettings = {
				ASSETCATALOG_COMPILER_APPICON_NAME = AppIcon;
				ASSETCATALOG_COMPILER_LAUNCHIMAGE_NAME = LaunchImage;
				GCC_PRECOMPILE_PREFIX_HEADER = YES;
				GCC_PREFIX_HEADER = "MentalMap/MentalMap-Prefix.pch";
				INFOPLIST_FILE = "MentalMap/MentalMap-Info.plist";
				PRODUCT_NAME = "$(TARGET_NAME)";
				WRAPPER_EXTENSION = app;
			};
			name = Release;
		};
		6ED9BD5719C176F800FDBBA4 /* Debug */ = {
			isa = XCBuildConfiguration;
			buildSettings = {
				"CODE_SIGN_IDENTITY[sdk=iphoneos*]" = "iPhone Developer";
				FRAMEWORK_SEARCH_PATHS = (
					"$(inherited)",
					"$(PROJECT_DIR)/MentalMapTests/Frameworks",
				);
				GCC_PRECOMPILE_PREFIX_HEADER = YES;
				GCC_PREFIX_HEADER = "MentalMapTests/MentalMapTests-Prefix.pch";
				GCC_PREPROCESSOR_DEFINITIONS = (
					"DEBUG=1",
					"$(inherited)",
				);
				INFOPLIST_FILE = "MentalMapTests/MentalMapTests-Info.plist";
				OTHER_LDFLAGS = (
					"$(inherited)",
					"-ObjC",
					"-all_load",
					"-lstdc++",
				);
				PRODUCT_NAME = "$(TARGET_NAME)";
				WRAPPER_EXTENSION = app;
			};
			name = Debug;
		};
		6ED9BD5819C176F800FDBBA4 /* Release */ = {
			isa = XCBuildConfiguration;
			buildSettings = {
				"CODE_SIGN_IDENTITY[sdk=iphoneos*]" = "iPhone Developer";
				FRAMEWORK_SEARCH_PATHS = (
					"$(inherited)",
					"$(PROJECT_DIR)/MentalMapTests/Frameworks",
				);
				GCC_PRECOMPILE_PREFIX_HEADER = YES;
				GCC_PREFIX_HEADER = "MentalMapTests/MentalMapTests-Prefix.pch";
				INFOPLIST_FILE = "MentalMapTests/MentalMapTests-Info.plist";
				OTHER_CFLAGS = "-DNS_BLOCK_ASSERTIONS=1";
				OTHER_LDFLAGS = (
					"$(inherited)",
					"-ObjC",
					"-all_load",
					"-lstdc++",
				);
				PRODUCT_NAME = "$(TARGET_NAME)";
				WRAPPER_EXTENSION = app;
			};
			name = Release;
		};
/* End XCBuildConfiguration section */

/* Begin XCConfigurationList section */
		6E90013A19C1734B00ABC549 /* Build configuration list for PBXProject "MentalMap" */ = {
			isa = XCConfigurationList;
			buildConfigurations = (
				6E90016919C1734C00ABC549 /* Debug */,
				6E90016A19C1734C00ABC549 /* Release */,
			);
			defaultConfigurationIsVisible = 0;
			defaultConfigurationName = Release;
		};
		6E90016B19C1734C00ABC549 /* Build configuration list for PBXNativeTarget "MentalMap" */ = {
			isa = XCConfigurationList;
			buildConfigurations = (
				6E90016C19C1734C00ABC549 /* Debug */,
				6E90016D19C1734C00ABC549 /* Release */,
			);
			defaultConfigurationIsVisible = 0;
			defaultConfigurationName = Release;
		};
		6ED9BD5619C176F800FDBBA4 /* Build configuration list for PBXNativeTarget "MentalMapTests" */ = {
			isa = XCConfigurationList;
			buildConfigurations = (
				6ED9BD5719C176F800FDBBA4 /* Debug */,
				6ED9BD5819C176F800FDBBA4 /* Release */,
			);
			defaultConfigurationIsVisible = 0;
		};
/* End XCConfigurationList section */
	};
	rootObject = 6E90013719C1734B00ABC549 /* Project object */;
}
